// !$*UTF8*$!
{
	archiveVersion = 1;
	classes = {
	};
	objectVersion = 50;
	objects = {

/* Begin PBXBuildFile section */
		0453B27C22730EA600E3311A /* AppDelegate.swift in Sources */ = {isa = PBXBuildFile; fileRef = 0453B27B22730EA600E3311A /* AppDelegate.swift */; };
		0453B27E22730EA600E3311A /* ViewController.swift in Sources */ = {isa = PBXBuildFile; fileRef = 0453B27D22730EA600E3311A /* ViewController.swift */; };
		0453B28122730EA600E3311A /* Main.storyboard in Resources */ = {isa = PBXBuildFile; fileRef = 0453B27F22730EA600E3311A /* Main.storyboard */; };
		0453B28322730EAC00E3311A /* Assets.xcassets in Resources */ = {isa = PBXBuildFile; fileRef = 0453B28222730EAC00E3311A /* Assets.xcassets */; };
		0453B28622730EAC00E3311A /* LaunchScreen.storyboard in Resources */ = {isa = PBXBuildFile; fileRef = 0453B28422730EAC00E3311A /* LaunchScreen.storyboard */; };
		0453B29122730EAC00E3311A /* ECommerceApplicationTests.swift in Sources */ = {isa = PBXBuildFile; fileRef = 0453B29022730EAC00E3311A /* ECommerceApplicationTests.swift */; };
		0453B29C22730EAC00E3311A /* ECommerceApplicationUITests.swift in Sources */ = {isa = PBXBuildFile; fileRef = 0453B29B22730EAC00E3311A /* ECommerceApplicationUITests.swift */; };
		0453B2AA22730F4A00E3311A /* LogoTableViewCell.swift in Sources */ = {isa = PBXBuildFile; fileRef = 0453B2A922730F4A00E3311A /* LogoTableViewCell.swift */; };
		0453B2AC22730F6300E3311A /* AppsTableViewCell.swift in Sources */ = {isa = PBXBuildFile; fileRef = 0453B2AB22730F6300E3311A /* AppsTableViewCell.swift */; };
		0453B2AE2273101F00E3311A /* AppsCollectionViewCell.swift in Sources */ = {isa = PBXBuildFile; fileRef = 0453B2AD2273101F00E3311A /* AppsCollectionViewCell.swift */; };
		0453B2B0227317DF00E3311A /* paidAppsTableViewCell.swift in Sources */ = {isa = PBXBuildFile; fileRef = 0453B2AF227317DF00E3311A /* paidAppsTableViewCell.swift */; };
		0453B2B22273188300E3311A /* trendingAppsTableViewCell.swift in Sources */ = {isa = PBXBuildFile; fileRef = 0453B2B12273188300E3311A /* trendingAppsTableViewCell.swift */; };
		0453B2B422731BE400E3311A /* paidAppsCollectionViewCell.swift in Sources */ = {isa = PBXBuildFile; fileRef = 0453B2B322731BE400E3311A /* paidAppsCollectionViewCell.swift */; };
		0453B2B622731BF200E3311A /* trendingAppsCollectionViewCell.swift in Sources */ = {isa = PBXBuildFile; fileRef = 0453B2B522731BF200E3311A /* trendingAppsCollectionViewCell.swift */; };
		048ADAE42278423500E3B502 /* AppsData.swift in Sources */ = {isa = PBXBuildFile; fileRef = 048ADAE32278423500E3B502 /* AppsData.swift */; };
		378F7BB2ACB0C4F75C22288E /* Pods_ECommerceApplication.framework in Frameworks */ = {isa = PBXBuildFile; fileRef = 05BA2BFC331B40705B9BEAF5 /* Pods_ECommerceApplication.framework */; };
		8F1BBDE70E15A40A0E0659B8 /* Pods_ECommerceApplicationTests.framework in Frameworks */ = {isa = PBXBuildFile; fileRef = 7AFE4E207A9CA394B1E4D7AB /* Pods_ECommerceApplicationTests.framework */; };
		CE624B87F793BBCE6D471827 /* Pods_ECommerceApplicationUITests.framework in Frameworks */ = {isa = PBXBuildFile; fileRef = BF54B9D0E61A505228E02DF5 /* Pods_ECommerceApplicationUITests.framework */; };
/* End PBXBuildFile section */

/* Begin PBXContainerItemProxy section */
		0453B28D22730EAC00E3311A /* PBXContainerItemProxy */ = {
			isa = PBXContainerItemProxy;
			containerPortal = 0453B27022730EA600E3311A /* Project object */;
			proxyType = 1;
			remoteGlobalIDString = 0453B27722730EA600E3311A;
			remoteInfo = ECommerceApplication;
		};
		0453B29822730EAC00E3311A /* PBXContainerItemProxy */ = {
			isa = PBXContainerItemProxy;
			containerPortal = 0453B27022730EA600E3311A /* Project object */;
			proxyType = 1;
			remoteGlobalIDString = 0453B27722730EA600E3311A;
			remoteInfo = ECommerceApplication;
		};
/* End PBXContainerItemProxy section */

/* Begin PBXFileReference section */
		0453B27822730EA600E3311A /* ECommerceApplication.app */ = {isa = PBXFileReference; explicitFileType = wrapper.application; includeInIndex = 0; path = ECommerceApplication.app; sourceTree = BUILT_PRODUCTS_DIR; };
		0453B27B22730EA600E3311A /* AppDelegate.swift */ = {isa = PBXFileReference; lastKnownFileType = sourcecode.swift; path = AppDelegate.swift; sourceTree = "<group>"; };
		0453B27D22730EA600E3311A /* ViewController.swift */ = {isa = PBXFileReference; lastKnownFileType = sourcecode.swift; path = ViewController.swift; sourceTree = "<group>"; };
		0453B28022730EA600E3311A /* Base */ = {isa = PBXFileReference; lastKnownFileType = file.storyboard; name = Base; path = Base.lproj/Main.storyboard; sourceTree = "<group>"; };
		0453B28222730EAC00E3311A /* Assets.xcassets */ = {isa = PBXFileReference; lastKnownFileType = folder.assetcatalog; path = Assets.xcassets; sourceTree = "<group>"; };
		0453B28522730EAC00E3311A /* Base */ = {isa = PBXFileReference; lastKnownFileType = file.storyboard; name = Base; path = Base.lproj/LaunchScreen.storyboard; sourceTree = "<group>"; };
		0453B28722730EAC00E3311A /* Info.plist */ = {isa = PBXFileReference; lastKnownFileType = text.plist.xml; path = Info.plist; sourceTree = "<group>"; };
		0453B28C22730EAC00E3311A /* ECommerceApplicationTests.xctest */ = {isa = PBXFileReference; explicitFileType = wrapper.cfbundle; includeInIndex = 0; path = ECommerceApplicationTests.xctest; sourceTree = BUILT_PRODUCTS_DIR; };
		0453B29022730EAC00E3311A /* ECommerceApplicationTests.swift */ = {isa = PBXFileReference; lastKnownFileType = sourcecode.swift; path = ECommerceApplicationTests.swift; sourceTree = "<group>"; };
		0453B29222730EAC00E3311A /* Info.plist */ = {isa = PBXFileReference; lastKnownFileType = text.plist.xml; path = Info.plist; sourceTree = "<group>"; };
		0453B29722730EAC00E3311A /* ECommerceApplicationUITests.xctest */ = {isa = PBXFileReference; explicitFileType = wrapper.cfbundle; includeInIndex = 0; path = ECommerceApplicationUITests.xctest; sourceTree = BUILT_PRODUCTS_DIR; };
		0453B29B22730EAC00E3311A /* ECommerceApplicationUITests.swift */ = {isa = PBXFileReference; lastKnownFileType = sourcecode.swift; path = ECommerceApplicationUITests.swift; sourceTree = "<group>"; };
		0453B29D22730EAC00E3311A /* Info.plist */ = {isa = PBXFileReference; lastKnownFileType = text.plist.xml; path = Info.plist; sourceTree = "<group>"; };
		0453B2A922730F4A00E3311A /* LogoTableViewCell.swift */ = {isa = PBXFileReference; lastKnownFileType = sourcecode.swift; path = LogoTableViewCell.swift; sourceTree = "<group>"; };
		0453B2AB22730F6300E3311A /* AppsTableViewCell.swift */ = {isa = PBXFileReference; lastKnownFileType = sourcecode.swift; path = AppsTableViewCell.swift; sourceTree = "<group>"; };
		0453B2AD2273101F00E3311A /* AppsCollectionViewCell.swift */ = {isa = PBXFileReference; lastKnownFileType = sourcecode.swift; path = AppsCollectionViewCell.swift; sourceTree = "<group>"; };
		0453B2AF227317DF00E3311A /* paidAppsTableViewCell.swift */ = {isa = PBXFileReference; lastKnownFileType = sourcecode.swift; path = paidAppsTableViewCell.swift; sourceTree = "<group>"; };
		0453B2B12273188300E3311A /* trendingAppsTableViewCell.swift */ = {isa = PBXFileReference; lastKnownFileType = sourcecode.swift; path = trendingAppsTableViewCell.swift; sourceTree = "<group>"; };
		0453B2B322731BE400E3311A /* paidAppsCollectionViewCell.swift */ = {isa = PBXFileReference; lastKnownFileType = sourcecode.swift; path = paidAppsCollectionViewCell.swift; sourceTree = "<group>"; };
		0453B2B522731BF200E3311A /* trendingAppsCollectionViewCell.swift */ = {isa = PBXFileReference; lastKnownFileType = sourcecode.swift; path = trendingAppsCollectionViewCell.swift; sourceTree = "<group>"; };
		048ADAE32278423500E3B502 /* AppsData.swift */ = {isa = PBXFileReference; lastKnownFileType = sourcecode.swift; path = AppsData.swift; sourceTree = "<group>"; };
		05BA2BFC331B40705B9BEAF5 /* Pods_ECommerceApplication.framework */ = {isa = PBXFileReference; explicitFileType = wrapper.framework; includeInIndex = 0; path = Pods_ECommerceApplication.framework; sourceTree = BUILT_PRODUCTS_DIR; };
		3ED652B71E9EF3DC33BEC089 /* Pods-ECommerceApplicationTests.release.xcconfig */ = {isa = PBXFileReference; includeInIndex = 1; lastKnownFileType = text.xcconfig; name = "Pods-ECommerceApplicationTests.release.xcconfig"; path = "Pods/Target Support Files/Pods-ECommerceApplicationTests/Pods-ECommerceApplicationTests.release.xcconfig"; sourceTree = "<group>"; };
		7AFE4E207A9CA394B1E4D7AB /* Pods_ECommerceApplicationTests.framework */ = {isa = PBXFileReference; explicitFileType = wrapper.framework; includeInIndex = 0; path = Pods_ECommerceApplicationTests.framework; sourceTree = BUILT_PRODUCTS_DIR; };
		832C6000911067698D5FADC5 /* Pods-ECommerceApplicationUITests.release.xcconfig */ = {isa = PBXFileReference; includeInIndex = 1; lastKnownFileType = text.xcconfig; name = "Pods-ECommerceApplicationUITests.release.xcconfig"; path = "Pods/Target Support Files/Pods-ECommerceApplicationUITests/Pods-ECommerceApplicationUITests.release.xcconfig"; sourceTree = "<group>"; };
		8F834F64F7FA67C5050E08BF /* Pods-ECommerceApplicationUITests.debug.xcconfig */ = {isa = PBXFileReference; includeInIndex = 1; lastKnownFileType = text.xcconfig; name = "Pods-ECommerceApplicationUITests.debug.xcconfig"; path = "Pods/Target Support Files/Pods-ECommerceApplicationUITests/Pods-ECommerceApplicationUITests.debug.xcconfig"; sourceTree = "<group>"; };
		B2F681BAE10F702CD52E4E5D /* Pods-ECommerceApplicationTests.debug.xcconfig */ = {isa = PBXFileReference; includeInIndex = 1; lastKnownFileType = text.xcconfig; name = "Pods-ECommerceApplicationTests.debug.xcconfig"; path = "Pods/Target Support Files/Pods-ECommerceApplicationTests/Pods-ECommerceApplicationTests.debug.xcconfig"; sourceTree = "<group>"; };
		BF54B9D0E61A505228E02DF5 /* Pods_ECommerceApplicationUITests.framework */ = {isa = PBXFileReference; explicitFileType = wrapper.framework; includeInIndex = 0; path = Pods_ECommerceApplicationUITests.framework; sourceTree = BUILT_PRODUCTS_DIR; };
		DE12315CB9E5BE0849ACBC13 /* Pods-ECommerceApplication.release.xcconfig */ = {isa = PBXFileReference; includeInIndex = 1; lastKnownFileType = text.xcconfig; name = "Pods-ECommerceApplication.release.xcconfig"; path = "Pods/Target Support Files/Pods-ECommerceApplication/Pods-ECommerceApplication.release.xcconfig"; sourceTree = "<group>"; };
		E26328F0D98B73CD9D12E498 /* Pods-ECommerceApplication.debug.xcconfig */ = {isa = PBXFileReference; includeInIndex = 1; lastKnownFileType = text.xcconfig; name = "Pods-ECommerceApplication.debug.xcconfig"; path = "Pods/Target Support Files/Pods-ECommerceApplication/Pods-ECommerceApplication.debug.xcconfig"; sourceTree = "<group>"; };
/* End PBXFileReference section */

/* Begin PBXFrameworksBuildPhase section */
		0453B27522730EA600E3311A /* Frameworks */ = {
			isa = PBXFrameworksBuildPhase;
			buildActionMask = 2147483647;
			files = (
				378F7BB2ACB0C4F75C22288E /* Pods_ECommerceApplication.framework in Frameworks */,
			);
			runOnlyForDeploymentPostprocessing = 0;
		};
		0453B28922730EAC00E3311A /* Frameworks */ = {
			isa = PBXFrameworksBuildPhase;
			buildActionMask = 2147483647;
			files = (
				8F1BBDE70E15A40A0E0659B8 /* Pods_ECommerceApplicationTests.framework in Frameworks */,
			);
			runOnlyForDeploymentPostprocessing = 0;
		};
		0453B29422730EAC00E3311A /* Frameworks */ = {
			isa = PBXFrameworksBuildPhase;
			buildActionMask = 2147483647;
			files = (
				CE624B87F793BBCE6D471827 /* Pods_ECommerceApplicationUITests.framework in Frameworks */,
			);
			runOnlyForDeploymentPostprocessing = 0;
		};
/* End PBXFrameworksBuildPhase section */

/* Begin PBXGroup section */
		0453B26F22730EA600E3311A = {
			isa = PBXGroup;
			children = (
				0453B27A22730EA600E3311A /* ECommerceApplication */,
				0453B28F22730EAC00E3311A /* ECommerceApplicationTests */,
				0453B29A22730EAC00E3311A /* ECommerceApplicationUITests */,
				0453B27922730EA600E3311A /* Products */,
				1ED8B3724697DDD08A4B422F /* Pods */,
				B4C11390747A76D3BB2DF556 /* Frameworks */,
			);
			sourceTree = "<group>";
		};
		0453B27922730EA600E3311A /* Products */ = {
			isa = PBXGroup;
			children = (
				0453B27822730EA600E3311A /* ECommerceApplication.app */,
				0453B28C22730EAC00E3311A /* ECommerceApplicationTests.xctest */,
				0453B29722730EAC00E3311A /* ECommerceApplicationUITests.xctest */,
			);
			name = Products;
			sourceTree = "<group>";
		};
		0453B27A22730EA600E3311A /* ECommerceApplication */ = {
			isa = PBXGroup;
			children = (
				0453B27B22730EA600E3311A /* AppDelegate.swift */,
				0453B27D22730EA600E3311A /* ViewController.swift */,
				048ADAE32278423500E3B502 /* AppsData.swift */,
				0453B2A922730F4A00E3311A /* LogoTableViewCell.swift */,
				0453B2AB22730F6300E3311A /* AppsTableViewCell.swift */,
				0453B2AF227317DF00E3311A /* paidAppsTableViewCell.swift */,
				0453B2B322731BE400E3311A /* paidAppsCollectionViewCell.swift */,
				0453B2B12273188300E3311A /* trendingAppsTableViewCell.swift */,
				0453B2B522731BF200E3311A /* trendingAppsCollectionViewCell.swift */,
				0453B2AD2273101F00E3311A /* AppsCollectionViewCell.swift */,
				0453B27F22730EA600E3311A /* Main.storyboard */,
				0453B28222730EAC00E3311A /* Assets.xcassets */,
				0453B28422730EAC00E3311A /* LaunchScreen.storyboard */,
				0453B28722730EAC00E3311A /* Info.plist */,
			);
			path = ECommerceApplication;
			sourceTree = "<group>";
		};
		0453B28F22730EAC00E3311A /* ECommerceApplicationTests */ = {
			isa = PBXGroup;
			children = (
				0453B29022730EAC00E3311A /* ECommerceApplicationTests.swift */,
				0453B29222730EAC00E3311A /* Info.plist */,
			);
			path = ECommerceApplicationTests;
			sourceTree = "<group>";
		};
		0453B29A22730EAC00E3311A /* ECommerceApplicationUITests */ = {
			isa = PBXGroup;
			children = (
				0453B29B22730EAC00E3311A /* ECommerceApplicationUITests.swift */,
				0453B29D22730EAC00E3311A /* Info.plist */,
			);
			path = ECommerceApplicationUITests;
			sourceTree = "<group>";
		};
		1ED8B3724697DDD08A4B422F /* Pods */ = {
			isa = PBXGroup;
			children = (
				E26328F0D98B73CD9D12E498 /* Pods-ECommerceApplication.debug.xcconfig */,
				DE12315CB9E5BE0849ACBC13 /* Pods-ECommerceApplication.release.xcconfig */,
				B2F681BAE10F702CD52E4E5D /* Pods-ECommerceApplicationTests.debug.xcconfig */,
				3ED652B71E9EF3DC33BEC089 /* Pods-ECommerceApplicationTests.release.xcconfig */,
				8F834F64F7FA67C5050E08BF /* Pods-ECommerceApplicationUITests.debug.xcconfig */,
				832C6000911067698D5FADC5 /* Pods-ECommerceApplicationUITests.release.xcconfig */,
			);
			name = Pods;
			sourceTree = "<group>";
		};
		B4C11390747A76D3BB2DF556 /* Frameworks */ = {
			isa = PBXGroup;
			children = (
				05BA2BFC331B40705B9BEAF5 /* Pods_ECommerceApplication.framework */,
				7AFE4E207A9CA394B1E4D7AB /* Pods_ECommerceApplicationTests.framework */,
				BF54B9D0E61A505228E02DF5 /* Pods_ECommerceApplicationUITests.framework */,
			);
			name = Frameworks;
			sourceTree = "<group>";
		};
/* End PBXGroup section */

/* Begin PBXNativeTarget section */
		0453B27722730EA600E3311A /* ECommerceApplication */ = {
			isa = PBXNativeTarget;
			buildConfigurationList = 0453B2A022730EAC00E3311A /* Build configuration list for PBXNativeTarget "ECommerceApplication" */;
			buildPhases = (
				C36541FC5512BA612E90F1F8 /* [CP] Check Pods Manifest.lock */,
				0453B27422730EA600E3311A /* Sources */,
				0453B27522730EA600E3311A /* Frameworks */,
				0453B27622730EA600E3311A /* Resources */,
				37DD2E5B588766A0F95629EB /* [CP] Embed Pods Frameworks */,
			);
			buildRules = (
			);
			dependencies = (
			);
			name = ECommerceApplication;
			productName = ECommerceApplication;
			productReference = 0453B27822730EA600E3311A /* ECommerceApplication.app */;
			productType = "com.apple.product-type.application";
		};
		0453B28B22730EAC00E3311A /* ECommerceApplicationTests */ = {
			isa = PBXNativeTarget;
			buildConfigurationList = 0453B2A322730EAC00E3311A /* Build configuration list for PBXNativeTarget "ECommerceApplicationTests" */;
			buildPhases = (
				D46F023B30C5679EC472CB18 /* [CP] Check Pods Manifest.lock */,
				0453B28822730EAC00E3311A /* Sources */,
				0453B28922730EAC00E3311A /* Frameworks */,
				0453B28A22730EAC00E3311A /* Resources */,
			);
			buildRules = (
			);
			dependencies = (
				0453B28E22730EAC00E3311A /* PBXTargetDependency */,
			);
			name = ECommerceApplicationTests;
			productName = ECommerceApplicationTests;
			productReference = 0453B28C22730EAC00E3311A /* ECommerceApplicationTests.xctest */;
			productType = "com.apple.product-type.bundle.unit-test";
		};
		0453B29622730EAC00E3311A /* ECommerceApplicationUITests */ = {
			isa = PBXNativeTarget;
			buildConfigurationList = 0453B2A622730EAC00E3311A /* Build configuration list for PBXNativeTarget "ECommerceApplicationUITests" */;
			buildPhases = (
				C714375ED97B0634EDC7F475 /* [CP] Check Pods Manifest.lock */,
				0453B29322730EAC00E3311A /* Sources */,
				0453B29422730EAC00E3311A /* Frameworks */,
				0453B29522730EAC00E3311A /* Resources */,
			);
			buildRules = (
			);
			dependencies = (
				0453B29922730EAC00E3311A /* PBXTargetDependency */,
			);
			name = ECommerceApplicationUITests;
			productName = ECommerceApplicationUITests;
			productReference = 0453B29722730EAC00E3311A /* ECommerceApplicationUITests.xctest */;
			productType = "com.apple.product-type.bundle.ui-testing";
		};
/* End PBXNativeTarget section */

/* Begin PBXProject section */
		0453B27022730EA600E3311A /* Project object */ = {
			isa = PBXProject;
			attributes = {
				LastSwiftUpdateCheck = 1010;
				LastUpgradeCheck = 1010;
				ORGANIZATIONNAME = Vivek;
				TargetAttributes = {
					0453B27722730EA600E3311A = {
						CreatedOnToolsVersion = 10.1;
					};
					0453B28B22730EAC00E3311A = {
						CreatedOnToolsVersion = 10.1;
						TestTargetID = 0453B27722730EA600E3311A;
					};
					0453B29622730EAC00E3311A = {
						CreatedOnToolsVersion = 10.1;
						TestTargetID = 0453B27722730EA600E3311A;
					};
				};
			};
			buildConfigurationList = 0453B27322730EA600E3311A /* Build configuration list for PBXProject "ECommerceApplication" */;
			compatibilityVersion = "Xcode 9.3";
			developmentRegion = en;
			hasScannedForEncodings = 0;
			knownRegions = (
				en,
				Base,
			);
			mainGroup = 0453B26F22730EA600E3311A;
			productRefGroup = 0453B27922730EA600E3311A /* Products */;
			projectDirPath = "";
			projectRoot = "";
			targets = (
				0453B27722730EA600E3311A /* ECommerceApplication */,
				0453B28B22730EAC00E3311A /* ECommerceApplicationTests */,
				0453B29622730EAC00E3311A /* ECommerceApplicationUITests */,
			);
		};
/* End PBXProject section */

/* Begin PBXResourcesBuildPhase section */
		0453B27622730EA600E3311A /* Resources */ = {
			isa = PBXResourcesBuildPhase;
			buildActionMask = 2147483647;
			files = (
				0453B28622730EAC00E3311A /* LaunchScreen.storyboard in Resources */,
				0453B28322730EAC00E3311A /* Assets.xcassets in Resources */,
				0453B28122730EA600E3311A /* Main.storyboard in Resources */,
			);
			runOnlyForDeploymentPostprocessing = 0;
		};
		0453B28A22730EAC00E3311A /* Resources */ = {
			isa = PBXResourcesBuildPhase;
			buildActionMask = 2147483647;
			files = (
			);
			runOnlyForDeploymentPostprocessing = 0;
		};
		0453B29522730EAC00E3311A /* Resources */ = {
			isa = PBXResourcesBuildPhase;
			buildActionMask = 2147483647;
			files = (
			);
			runOnlyForDeploymentPostprocessing = 0;
		};
/* End PBXResourcesBuildPhase section */

/* Begin PBXShellScriptBuildPhase section */
		37DD2E5B588766A0F95629EB /* [CP] Embed Pods Frameworks */ = {
			isa = PBXShellScriptBuildPhase;
			buildActionMask = 2147483647;
			files = (
			);
			inputFileListPaths = (
			);
			inputPaths = (
				"${SRCROOT}/Pods/Target Support Files/Pods-ECommerceApplication/Pods-ECommerceApplication-frameworks.sh",
				"${BUILT_PRODUCTS_DIR}/Alamofire/Alamofire.framework",
				"${BUILT_PRODUCTS_DIR}/SDWebImage/SDWebImage.framework",
			);
			name = "[CP] Embed Pods Frameworks";
			outputFileListPaths = (
			);
			outputPaths = (
				"${TARGET_BUILD_DIR}/${FRAMEWORKS_FOLDER_PATH}/Alamofire.framework",
				"${TARGET_BUILD_DIR}/${FRAMEWORKS_FOLDER_PATH}/SDWebImage.framework",
			);
			runOnlyForDeploymentPostprocessing = 0;
			shellPath = /bin/sh;
			shellScript = "\"${SRCROOT}/Pods/Target Support Files/Pods-ECommerceApplication/Pods-ECommerceApplication-frameworks.sh\"\n";
			showEnvVarsInLog = 0;
		};
		C36541FC5512BA612E90F1F8 /* [CP] Check Pods Manifest.lock */ = {
			isa = PBXShellScriptBuildPhase;
			buildActionMask = 2147483647;
			files = (
			);
			inputFileListPaths = (
			);
			inputPaths = (
				"${PODS_PODFILE_DIR_PATH}/Podfile.lock",
				"${PODS_ROOT}/Manifest.lock",
			);
			name = "[CP] Check Pods Manifest.lock";
			outputFileListPaths = (
			);
			outputPaths = (
				"$(DERIVED_FILE_DIR)/Pods-ECommerceApplication-checkManifestLockResult.txt",
			);
			runOnlyForDeploymentPostprocessing = 0;
			shellPath = /bin/sh;
			shellScript = "diff \"${PODS_PODFILE_DIR_PATH}/Podfile.lock\" \"${PODS_ROOT}/Manifest.lock\" > /dev/null\nif [ $? != 0 ] ; then\n    # print error to STDERR\n    echo \"error: The sandbox is not in sync with the Podfile.lock. Run 'pod install' or update your CocoaPods installation.\" >&2\n    exit 1\nfi\n# This output is used by Xcode 'outputs' to avoid re-running this script phase.\necho \"SUCCESS\" > \"${SCRIPT_OUTPUT_FILE_0}\"\n";
			showEnvVarsInLog = 0;
		};
		C714375ED97B0634EDC7F475 /* [CP] Check Pods Manifest.lock */ = {
			isa = PBXShellScriptBuildPhase;
			buildActionMask = 2147483647;
			files = (
			);
			inputFileListPaths = (
			);
			inputPaths = (
				"${PODS_PODFILE_DIR_PATH}/Podfile.lock",
				"${PODS_ROOT}/Manifest.lock",
			);
			name = "[CP] Check Pods Manifest.lock";
			outputFileListPaths = (
			);
			outputPaths = (
				"$(DERIVED_FILE_DIR)/Pods-ECommerceApplicationUITests-checkManifestLockResult.txt",
			);
			runOnlyForDeploymentPostprocessing = 0;
			shellPath = /bin/sh;
			shellScript = "diff \"${PODS_PODFILE_DIR_PATH}/Podfile.lock\" \"${PODS_ROOT}/Manifest.lock\" > /dev/null\nif [ $? != 0 ] ; then\n    # print error to STDERR\n    echo \"error: The sandbox is not in sync with the Podfile.lock. Run 'pod install' or update your CocoaPods installation.\" >&2\n    exit 1\nfi\n# This output is used by Xcode 'outputs' to avoid re-running this script phase.\necho \"SUCCESS\" > \"${SCRIPT_OUTPUT_FILE_0}\"\n";
			showEnvVarsInLog = 0;
		};
		D46F023B30C5679EC472CB18 /* [CP] Check Pods Manifest.lock */ = {
			isa = PBXShellScriptBuildPhase;
			buildActionMask = 2147483647;
			files = (
			);
			inputFileListPaths = (
			);
			inputPaths = (
				"${PODS_PODFILE_DIR_PATH}/Podfile.lock",
				"${PODS_ROOT}/Manifest.lock",
			);
			name = "[CP] Check Pods Manifest.lock";
			outputFileListPaths = (
			);
			outputPaths = (
				"$(DERIVED_FILE_DIR)/Pods-ECommerceApplicationTests-checkManifestLockResult.txt",
			);
			runOnlyForDeploymentPostprocessing = 0;
			shellPath = /bin/sh;
			shellScript = "diff \"${PODS_PODFILE_DIR_PATH}/Podfile.lock\" \"${PODS_ROOT}/Manifest.lock\" > /dev/null\nif [ $? != 0 ] ; then\n    # print error to STDERR\n    echo \"error: The sandbox is not in sync with the Podfile.lock. Run 'pod install' or update your CocoaPods installation.\" >&2\n    exit 1\nfi\n# This output is used by Xcode 'outputs' to avoid re-running this script phase.\necho \"SUCCESS\" > \"${SCRIPT_OUTPUT_FILE_0}\"\n";
			showEnvVarsInLog = 0;
		};
/* End PBXShellScriptBuildPhase section */

/* Begin PBXSourcesBuildPhase section */
		0453B27422730EA600E3311A /* Sources */ = {
			isa = PBXSourcesBuildPhase;
			buildActionMask = 2147483647;
			files = (
				0453B2B422731BE400E3311A /* paidAppsCollectionViewCell.swift in Sources */,
				0453B2B622731BF200E3311A /* trendingAppsCollectionViewCell.swift in Sources */,
				0453B27E22730EA600E3311A /* ViewController.swift in Sources */,
				0453B2AC22730F6300E3311A /* AppsTableViewCell.swift in Sources */,
				0453B2B22273188300E3311A /* trendingAppsTableViewCell.swift in Sources */,
				0453B27C22730EA600E3311A /* AppDelegate.swift in Sources */,
				0453B2AA22730F4A00E3311A /* LogoTableViewCell.swift in Sources */,
				0453B2AE2273101F00E3311A /* AppsCollectionViewCell.swift in Sources */,
				0453B2B0227317DF00E3311A /* paidAppsTableViewCell.swift in Sources */,
				048ADAE42278423500E3B502 /* AppsData.swift in Sources */,
			);
			runOnlyForDeploymentPostprocessing = 0;
		};
		0453B28822730EAC00E3311A /* Sources */ = {
			isa = PBXSourcesBuildPhase;
			buildActionMask = 2147483647;
			files = (
				0453B29122730EAC00E3311A /* ECommerceApplicationTests.swift in Sources */,
			);
			runOnlyForDeploymentPostprocessing = 0;
		};
		0453B29322730EAC00E3311A /* Sources */ = {
			isa = PBXSourcesBuildPhase;
			buildActionMask = 2147483647;
			files = (
				0453B29C22730EAC00E3311A /* ECommerceApplicationUITests.swift in Sources */,
			);
			runOnlyForDeploymentPostprocessing = 0;
		};
/* End PBXSourcesBuildPhase section */

/* Begin PBXTargetDependency section */
		0453B28E22730EAC00E3311A /* PBXTargetDependency */ = {
			isa = PBXTargetDependency;
			target = 0453B27722730EA600E3311A /* ECommerceApplication */;
			targetProxy = 0453B28D22730EAC00E3311A /* PBXContainerItemProxy */;
		};
		0453B29922730EAC00E3311A /* PBXTargetDependency */ = {
			isa = PBXTargetDependency;
			target = 0453B27722730EA600E3311A /* ECommerceApplication */;
			targetProxy = 0453B29822730EAC00E3311A /* PBXContainerItemProxy */;
		};
/* End PBXTargetDependency section */

/* Begin PBXVariantGroup section */
		0453B27F22730EA600E3311A /* Main.storyboard */ = {
			isa = PBXVariantGroup;
			children = (
				0453B28022730EA600E3311A /* Base */,
			);
			name = Main.storyboard;
			sourceTree = "<group>";
		};
		0453B28422730EAC00E3311A /* LaunchScreen.storyboard */ = {
			isa = PBXVariantGroup;
			children = (
				0453B28522730EAC00E3311A /* Base */,
			);
			name = LaunchScreen.storyboard;
			sourceTree = "<group>";
		};
/* End PBXVariantGroup section */

/* Begin XCBuildConfiguration section */
		0453B29E22730EAC00E3311A /* Debug */ = {
			isa = XCBuildConfiguration;
			buildSettings = {
				ALWAYS_SEARCH_USER_PATHS = NO;
				CLANG_ANALYZER_NONNULL = YES;
				CLANG_ANALYZER_NUMBER_OBJECT_CONVERSION = YES_AGGRESSIVE;
				CLANG_CXX_LANGUAGE_STANDARD = "gnu++14";
				CLANG_CXX_LIBRARY = "libc++";
				CLANG_ENABLE_MODULES = YES;
				CLANG_ENABLE_OBJC_ARC = YES;
				CLANG_ENABLE_OBJC_WEAK = YES;
				CLANG_WARN_BLOCK_CAPTURE_AUTORELEASING = YES;
				CLANG_WARN_BOOL_CONVERSION = YES;
				CLANG_WARN_COMMA = YES;
				CLANG_WARN_CONSTANT_CONVERSION = YES;
				CLANG_WARN_DEPRECATED_OBJC_IMPLEMENTATIONS = YES;
				CLANG_WARN_DIRECT_OBJC_ISA_USAGE = YES_ERROR;
				CLANG_WARN_DOCUMENTATION_COMMENTS = YES;
				CLANG_WARN_EMPTY_BODY = YES;
				CLANG_WARN_ENUM_CONVERSION = YES;
				CLANG_WARN_INFINITE_RECURSION = YES;
				CLANG_WARN_INT_CONVERSION = YES;
				CLANG_WARN_NON_LITERAL_NULL_CONVERSION = YES;
				CLANG_WARN_OBJC_IMPLICIT_RETAIN_SELF = YES;
				CLANG_WARN_OBJC_LITERAL_CONVERSION = YES;
				CLANG_WARN_OBJC_ROOT_CLASS = YES_ERROR;
				CLANG_WARN_RANGE_LOOP_ANALYSIS = YES;
				CLANG_WARN_STRICT_PROTOTYPES = YES;
				CLANG_WARN_SUSPICIOUS_MOVE = YES;
				CLANG_WARN_UNGUARDED_AVAILABILITY = YES_AGGRESSIVE;
				CLANG_WARN_UNREACHABLE_CODE = YES;
				CLANG_WARN__DUPLICATE_METHOD_MATCH = YES;
				CODE_SIGN_IDENTITY = "iPhone Developer";
				COPY_PHASE_STRIP = NO;
				DEBUG_INFORMATION_FORMAT = dwarf;
				ENABLE_STRICT_OBJC_MSGSEND = YES;
				ENABLE_TESTABILITY = YES;
				GCC_C_LANGUAGE_STANDARD = gnu11;
				GCC_DYNAMIC_NO_PIC = NO;
				GCC_NO_COMMON_BLOCKS = YES;
				GCC_OPTIMIZATION_LEVEL = 0;
				GCC_PREPROCESSOR_DEFINITIONS = (
					"DEBUG=1",
					"$(inherited)",
				);
				GCC_WARN_64_TO_32_BIT_CONVERSION = YES;
				GCC_WARN_ABOUT_RETURN_TYPE = YES_ERROR;
				GCC_WARN_UNDECLARED_SELECTOR = YES;
				GCC_WARN_UNINITIALIZED_AUTOS = YES_AGGRESSIVE;
				GCC_WARN_UNUSED_FUNCTION = YES;
				GCC_WARN_UNUSED_VARIABLE = YES;
				IPHONEOS_DEPLOYMENT_TARGET = 12.1;
				MTL_ENABLE_DEBUG_INFO = INCLUDE_SOURCE;
				MTL_FAST_MATH = YES;
				ONLY_ACTIVE_ARCH = YES;
				SDKROOT = iphoneos;
				SWIFT_ACTIVE_COMPILATION_CONDITIONS = DEBUG;
				SWIFT_OPTIMIZATION_LEVEL = "-Onone";
			};
			name = Debug;
		};
		0453B29F22730EAC00E3311A /* Release */ = {
			isa = XCBuildConfiguration;
			buildSettings = {
				ALWAYS_SEARCH_USER_PATHS = NO;
				CLANG_ANALYZER_NONNULL = YES;
				CLANG_ANALYZER_NUMBER_OBJECT_CONVERSION = YES_AGGRESSIVE;
				CLANG_CXX_LANGUAGE_STANDARD = "gnu++14";
				CLANG_CXX_LIBRARY = "libc++";
				CLANG_ENABLE_MODULES = YES;
				CLANG_ENABLE_OBJC_ARC = YES;
				CLANG_ENABLE_OBJC_WEAK = YES;
				CLANG_WARN_BLOCK_CAPTURE_AUTORELEASING = YES;
				CLANG_WARN_BOOL_CONVERSION = YES;
				CLANG_WARN_COMMA = YES;
				CLANG_WARN_CONSTANT_CONVERSION = YES;
				CLANG_WARN_DEPRECATED_OBJC_IMPLEMENTATIONS = YES;
				CLANG_WARN_DIRECT_OBJC_ISA_USAGE = YES_ERROR;
				CLANG_WARN_DOCUMENTATION_COMMENTS = YES;
				CLANG_WARN_EMPTY_BODY = YES;
				CLANG_WARN_ENUM_CONVERSION = YES;
				CLANG_WARN_INFINITE_RECURSION = YES;
				CLANG_WARN_INT_CONVERSION = YES;
				CLANG_WARN_NON_LITERAL_NULL_CONVERSION = YES;
				CLANG_WARN_OBJC_IMPLICIT_RETAIN_SELF = YES;
				CLANG_WARN_OBJC_LITERAL_CONVERSION = YES;
				CLANG_WARN_OBJC_ROOT_CLASS = YES_ERROR;
				CLANG_WARN_RANGE_LOOP_ANALYSIS = YES;
				CLANG_WARN_STRICT_PROTOTYPES = YES;
				CLANG_WARN_SUSPICIOUS_MOVE = YES;
				CLANG_WARN_UNGUARDED_AVAILABILITY = YES_AGGRESSIVE;
				CLANG_WARN_UNREACHABLE_CODE = YES;
				CLANG_WARN__DUPLICATE_METHOD_MATCH = YES;
				CODE_SIGN_IDENTITY = "iPhone Developer";
				COPY_PHASE_STRIP = NO;
				DEBUG_INFORMATION_FORMAT = "dwarf-with-dsym";
				ENABLE_NS_ASSERTIONS = NO;
				ENABLE_STRICT_OBJC_MSGSEND = YES;
				GCC_C_LANGUAGE_STANDARD = gnu11;
				GCC_NO_COMMON_BLOCKS = YES;
				GCC_WARN_64_TO_32_BIT_CONVERSION = YES;
				GCC_WARN_ABOUT_RETURN_TYPE = YES_ERROR;
				GCC_WARN_UNDECLARED_SELECTOR = YES;
				GCC_WARN_UNINITIALIZED_AUTOS = YES_AGGRESSIVE;
				GCC_WARN_UNUSED_FUNCTION = YES;
				GCC_WARN_UNUSED_VARIABLE = YES;
				IPHONEOS_DEPLOYMENT_TARGET = 12.1;
				MTL_ENABLE_DEBUG_INFO = NO;
				MTL_FAST_MATH = YES;
				SDKROOT = iphoneos;
				SWIFT_COMPILATION_MODE = wholemodule;
				SWIFT_OPTIMIZATION_LEVEL = "-O";
				VALIDATE_PRODUCT = YES;
			};
			name = Release;
		};
		0453B2A122730EAC00E3311A /* Debug */ = {
			isa = XCBuildConfiguration;
			baseConfigurationReference = E26328F0D98B73CD9D12E498 /* Pods-ECommerceApplication.debug.xcconfig */;
			buildSettings = {
				ASSETCATALOG_COMPILER_APPICON_NAME = AppIcon;
				CODE_SIGN_STYLE = Automatic;
				INFOPLIST_FILE = ECommerceApplication/Info.plist;
				LD_RUNPATH_SEARCH_PATHS = (
					"$(inherited)",
					"@executable_path/Frameworks",
				);
				PRODUCT_BUNDLE_IDENTIFIER = BRN.ECommerceApplication;
				PRODUCT_NAME = "$(TARGET_NAME)";
				SWIFT_VERSION = 4.2;
				TARGETED_DEVICE_FAMILY = "1,2";
			};
			name = Debug;
		};
		0453B2A222730EAC00E3311A /* Release */ = {
			isa = XCBuildConfiguration;
			baseConfigurationReference = DE12315CB9E5BE0849ACBC13 /* Pods-ECommerceApplication.release.xcconfig */;
			buildSettings = {
				ASSETCATALOG_COMPILER_APPICON_NAME = AppIcon;
				CODE_SIGN_STYLE = Automatic;
				INFOPLIST_FILE = ECommerceApplication/Info.plist;
				LD_RUNPATH_SEARCH_PATHS = (
					"$(inherited)",
					"@executable_path/Frameworks",
				);
				PRODUCT_BUNDLE_IDENTIFIER = BRN.ECommerceApplication;
				PRODUCT_NAME = "$(TARGET_NAME)";
				SWIFT_VERSION = 4.2;
				TARGETED_DEVICE_FAMILY = "1,2";
			};
			name = Release;
		};
		0453B2A422730EAC00E3311A /* Debug */ = {
			isa = XCBuildConfiguration;
			baseConfigurationReference = B2F681BAE10F702CD52E4E5D /* Pods-ECommerceApplicationTests.debug.xcconfig */;
			buildSettings = {
				ALWAYS_EMBED_SWIFT_STANDARD_LIBRARIES = YES;
				BUNDLE_LOADER = "$(TEST_HOST)";
				CODE_SIGN_STYLE = Automatic;
				INFOPLIST_FILE = ECommerceApplicationTests/Info.plist;
				LD_RUNPATH_SEARCH_PATHS = (
					"$(inherited)",
					"@executable_path/Frameworks",
					"@loader_path/Frameworks",
				);
				PRODUCT_BUNDLE_IDENTIFIER = BRN.ECommerceApplicationTests;
				PRODUCT_NAME = "$(TARGET_NAME)";
				SWIFT_VERSION = 4.2;
				TARGETED_DEVICE_FAMILY = "1,2";
				TEST_HOST = "$(BUILT_PRODUCTS_DIR)/ECommerceApplication.app/ECommerceApplication";
			};
			name = Debug;
		};
		0453B2A522730EAC00E3311A /* Release */ = {
			isa = XCBuildConfiguration;
			baseConfigurationReference = 3ED652B71E9EF3DC33BEC089 /* Pods-ECommerceApplicationTests.release.xcconfig */;
			buildSettings = {
				ALWAYS_EMBED_SWIFT_STANDARD_LIBRARIES = YES;
				BUNDLE_LOADER = "$(TEST_HOST)";
				CODE_SIGN_STYLE = Automatic;
				INFOPLIST_FILE = ECommerceApplicationTests/Info.plist;
				LD_RUNPATH_SEARCH_PATHS = (
					"$(inherited)",
					"@executable_path/Frameworks",
					"@loader_path/Frameworks",
				);
				PRODUCT_BUNDLE_IDENTIFIER = BRN.ECommerceApplicationTests;
				PRODUCT_NAME = "$(TARGET_NAME)";
				SWIFT_VERSION = 4.2;
				TARGETED_DEVICE_FAMILY = "1,2";
				TEST_HOST = "$(BUILT_PRODUCTS_DIR)/ECommerceApplication.app/ECommerceApplication";
			};
			name = Release;
		};
		0453B2A722730EAC00E3311A /* Debug */ = {
			isa = XCBuildConfiguration;
			baseConfigurationReference = 8F834F64F7FA67C5050E08BF /* Pods-ECommerceApplicationUITests.debug.xcconfig */;
			buildSettings = {
				ALWAYS_EMBED_SWIFT_STANDARD_LIBRARIES = YES;
				CODE_SIGN_STYLE = Automatic;
				INFOPLIST_FILE = ECommerceApplicationUITests/Info.plist;
				LD_RUNPATH_SEARCH_PATHS = (
					"$(inherited)",
					"@executable_path/Frameworks",
					"@loader_path/Frameworks",
				);
				PRODUCT_BUNDLE_IDENTIFIER = BRN.ECommerceApplicationUITests;
				PRODUCT_NAME = "$(TARGET_NAME)";
				SWIFT_VERSION = 4.2;
				TARGETED_DEVICE_FAMILY = "1,2";
				TEST_TARGET_NAME = ECommerceApplication;
			};
			name = Debug;
		};
		0453B2A822730EAC00E3311A /* Release */ = {
			isa = XCBuildConfiguration;
			baseConfigurationReference = 832C6000911067698D5FADC5 /* Pods-ECommerceApplicationUITests.release.xcconfig */;
			buildSettings = {
				ALWAYS_EMBED_SWIFT_STANDARD_LIBRARIES = YES;
				CODE_SIGN_STYLE = Automatic;
				INFOPLIST_FILE = ECommerceApplicationUITests/Info.plist;
				LD_RUNPATH_SEARCH_PATHS = (
					"$(inherited)",
					"@executable_path/Frameworks",
					"@loader_path/Frameworks",
				);
				PRODUCT_BUNDLE_IDENTIFIER = BRN.ECommerceApplicationUITests;
				PRODUCT_NAME = "$(TARGET_NAME)";
				SWIFT_VERSION = 4.2;
				TARGETED_DEVICE_FAMILY = "1,2";
				TEST_TARGET_NAME = ECommerceApplication;
			};
			name = Release;
		};
/* End XCBuildConfiguration section */

/* Begin XCConfigurationList section */
		0453B27322730EA600E3311A /* Build configuration list for PBXProject "ECommerceApplication" */ = {
			isa = XCConfigurationList;
			buildConfigurations = (
				0453B29E22730EAC00E3311A /* Debug */,
				0453B29F22730EAC00E3311A /* Release */,
			);
			defaultConfigurationIsVisible = 0;
			defaultConfigurationName = Release;
		};
		0453B2A022730EAC00E3311A /* Build configuration list for PBXNativeTarget "ECommerceApplication" */ = {
			isa = XCConfigurationList;
			buildConfigurations = (
				0453B2A122730EAC00E3311A /* Debug */,
				0453B2A222730EAC00E3311A /* Release */,
			);
			defaultConfigurationIsVisible = 0;
			defaultConfigurationName = Release;
		};
		0453B2A322730EAC00E3311A /* Build configuration list for PBXNativeTarget "ECommerceApplicationTests" */ = {
			isa = XCConfigurationList;
			buildConfigurations = (
				0453B2A422730EAC00E3311A /* Debug */,
				0453B2A522730EAC00E3311A /* Release */,
			);
			defaultConfigurationIsVisible = 0;
			defaultConfigurationName = Release;
		};
		0453B2A622730EAC00E3311A /* Build configuration list for PBXNativeTarget "ECommerceApplicationUITests" */ = {
			isa = XCConfigurationList;
			buildConfigurations = (
				0453B2A722730EAC00E3311A /* Debug */,
				0453B2A822730EAC00E3311A /* Release */,
			);
			defaultConfigurationIsVisible = 0;
			defaultConfigurationName = Release;
		};
/* End XCConfigurationList section */
	};
	rootObject = 0453B27022730EA600E3311A /* Project object */;
}
